
Microsoft Visual Studio Solution File, Format Version 12.00
# Visual Studio 15
VisualStudioVersion = 15.0.28307.2092
MinimumVisualStudioVersion = 10.0.40219.1
Project("{FAE04EC0-301F-11D3-BF4B-00C04F79EFBC}") = "ARMSTRONG", "ARMSTRONG\ARMSTRONG.csproj", "{137CEDB9-EB25-4434-BD56-0C557818AD96}"
EndProject
Global
	GlobalSection(SolutionConfigurationPlatforms) = preSolution
		Debug|Any CPU = Debug|Any CPU
		Release|Any CPU = Release|Any CPU
	EndGlobalSection
	GlobalSection(ProjectConfigurationPlatforms) = postSolution
		{137CEDB9-EB25-4434-BD56-0C557818AD96}.Debug|Any CPU.ActiveCfg = Debug|Any CPU
		{137CEDB9-EB25-4434-BD56-0C557818AD96}.Debug|Any CPU.Build.0 = Debug|Any CPU
		{137CEDB9-EB25-4434-BD56-0C557818AD96}.Release|Any CPU.ActiveCfg = Release|Any CPU
		{137CEDB9-EB25-4434-BD56-0C557818AD96}.Release|Any CPU.Build.0 = Release|Any CPU
	EndGlobalSection
	GlobalSection(SolutionProperties) = preSolution
		HideSolutionNode = FALSE
	EndGlobalSection
	GlobalSection(ExtensibilityGlobals) = postSolution
		SolutionGuid = {6AF446A2-9EA4-4252-932A-B77111CACA5C}
	EndGlobalSection
EndGlobal
