
Microsoft Visual Studio Solution File, Format Version 12.00
# Visual Studio 15
VisualStudioVersion = 15.0.28307.2092
MinimumVisualStudioVersion = 10.0.40219.1
Project("{FAE04EC0-301F-11D3-BF4B-00C04F79EFBC}") = "FIZZ BUZZ", "FIZZ BUZZ\FIZZ BUZZ.csproj", "{FFBBB24B-188C-47B2-8F21-5FF0BC6F3C31}"
EndProject
Global
	GlobalSection(SolutionConfigurationPlatforms) = preSolution
		Debug|Any CPU = Debug|Any CPU
		Release|Any CPU = Release|Any CPU
	EndGlobalSection
	GlobalSection(ProjectConfigurationPlatforms) = postSolution
		{FFBBB24B-188C-47B2-8F21-5FF0BC6F3C31}.Debug|Any CPU.ActiveCfg = Debug|Any CPU
		{FFBBB24B-188C-47B2-8F21-5FF0BC6F3C31}.Debug|Any CPU.Build.0 = Debug|Any CPU
		{FFBBB24B-188C-47B2-8F21-5FF0BC6F3C31}.Release|Any CPU.ActiveCfg = Release|Any CPU
		{FFBBB24B-188C-47B2-8F21-5FF0BC6F3C31}.Release|Any CPU.Build.0 = Release|Any CPU
	EndGlobalSection
	GlobalSection(SolutionProperties) = preSolution
		HideSolutionNode = FALSE
	EndGlobalSection
	GlobalSection(ExtensibilityGlobals) = postSolution
		SolutionGuid = {E1F0FDE9-459F-4442-BAE3-36D037554EFE}
	EndGlobalSection
EndGlobal
