
Microsoft Visual Studio Solution File, Format Version 12.00
# Visual Studio 15
VisualStudioVersion = 15.0.28307.2092
MinimumVisualStudioVersion = 10.0.40219.1
Project("{FAE04EC0-301F-11D3-BF4B-00C04F79EFBC}") = "ELIMINANDO_CARACTERES", "ConsoleApp2\ELIMINANDO_CARACTERES.csproj", "{16C64062-1F5E-47A1-9458-A0B02BB8EFC0}"
EndProject
Global
	GlobalSection(SolutionConfigurationPlatforms) = preSolution
		Debug|Any CPU = Debug|Any CPU
		Release|Any CPU = Release|Any CPU
	EndGlobalSection
	GlobalSection(ProjectConfigurationPlatforms) = postSolution
		{16C64062-1F5E-47A1-9458-A0B02BB8EFC0}.Debug|Any CPU.ActiveCfg = Debug|Any CPU
		{16C64062-1F5E-47A1-9458-A0B02BB8EFC0}.Debug|Any CPU.Build.0 = Debug|Any CPU
		{16C64062-1F5E-47A1-9458-A0B02BB8EFC0}.Release|Any CPU.ActiveCfg = Release|Any CPU
		{16C64062-1F5E-47A1-9458-A0B02BB8EFC0}.Release|Any CPU.Build.0 = Release|Any CPU
	EndGlobalSection
	GlobalSection(SolutionProperties) = preSolution
		HideSolutionNode = FALSE
	EndGlobalSection
	GlobalSection(ExtensibilityGlobals) = postSolution
		SolutionGuid = {963423BB-96B5-441F-9192-28FE3C26E735}
	EndGlobalSection
EndGlobal
