
Microsoft Visual Studio Solution File, Format Version 12.00
# Visual Studio 15
VisualStudioVersion = 15.0.28307.2092
MinimumVisualStudioVersion = 10.0.40219.1
Project("{FAE04EC0-301F-11D3-BF4B-00C04F79EFBC}") = "PALÍNDROMO", "PALÍNDROMO\PALÍNDROMO.csproj", "{139433F7-49D6-4100-ABDC-602AAD60F111}"
EndProject
Global
	GlobalSection(SolutionConfigurationPlatforms) = preSolution
		Debug|Any CPU = Debug|Any CPU
		Release|Any CPU = Release|Any CPU
	EndGlobalSection
	GlobalSection(ProjectConfigurationPlatforms) = postSolution
		{139433F7-49D6-4100-ABDC-602AAD60F111}.Debug|Any CPU.ActiveCfg = Debug|Any CPU
		{139433F7-49D6-4100-ABDC-602AAD60F111}.Debug|Any CPU.Build.0 = Debug|Any CPU
		{139433F7-49D6-4100-ABDC-602AAD60F111}.Release|Any CPU.ActiveCfg = Release|Any CPU
		{139433F7-49D6-4100-ABDC-602AAD60F111}.Release|Any CPU.Build.0 = Release|Any CPU
	EndGlobalSection
	GlobalSection(SolutionProperties) = preSolution
		HideSolutionNode = FALSE
	EndGlobalSection
	GlobalSection(ExtensibilityGlobals) = postSolution
		SolutionGuid = {1A7C05D8-7ABC-4A30-9EAF-81A5965F7608}
	EndGlobalSection
EndGlobal
